
Microsoft Visual Studio Solution File, Format Version 12.00
# Visual Studio 15
VisualStudioVersion = 15.0.28307.489
MinimumVisualStudioVersion = 10.0.40219.1
Project("{FAE04EC0-301F-11D3-BF4B-00C04F79EFBC}") = "Tietokantayhteys3", "Tietokantayhteys3\Tietokantayhteys3.csproj", "{D48E324A-ABDA-409E-8358-3D46433708CA}"
EndProject
Global
	GlobalSection(SolutionConfigurationPlatforms) = preSolution
		Debug|Any CPU = Debug|Any CPU
		Release|Any CPU = Release|Any CPU
	EndGlobalSection
	GlobalSection(ProjectConfigurationPlatforms) = postSolution
		{D48E324A-ABDA-409E-8358-3D46433708CA}.Debug|Any CPU.ActiveCfg = Debug|Any CPU
		{D48E324A-ABDA-409E-8358-3D46433708CA}.Debug|Any CPU.Build.0 = Debug|Any CPU
		{D48E324A-ABDA-409E-8358-3D46433708CA}.Release|Any CPU.ActiveCfg = Release|Any CPU
		{D48E324A-ABDA-409E-8358-3D46433708CA}.Release|Any CPU.Build.0 = Release|Any CPU
	EndGlobalSection
	GlobalSection(SolutionProperties) = preSolution
		HideSolutionNode = FALSE
	EndGlobalSection
	GlobalSection(ExtensibilityGlobals) = postSolution
		SolutionGuid = {B9112865-E66E-46E3-B466-1AFC43E3FBA9}
	EndGlobalSection
EndGlobal
