
Microsoft Visual Studio Solution File, Format Version 12.00
# Visual Studio 15
VisualStudioVersion = 15.0.28307.489
MinimumVisualStudioVersion = 10.0.40219.1
Project("{FAE04EC0-301F-11D3-BF4B-00C04F79EFBC}") = "Pankki", "Pankki\Pankki.csproj", "{406A9FBD-AE1A-4B04-A2AD-B40002F2CD29}"
EndProject
Global
	GlobalSection(SolutionConfigurationPlatforms) = preSolution
		Debug|Any CPU = Debug|Any CPU
		Release|Any CPU = Release|Any CPU
	EndGlobalSection
	GlobalSection(ProjectConfigurationPlatforms) = postSolution
		{406A9FBD-AE1A-4B04-A2AD-B40002F2CD29}.Debug|Any CPU.ActiveCfg = Debug|Any CPU
		{406A9FBD-AE1A-4B04-A2AD-B40002F2CD29}.Debug|Any CPU.Build.0 = Debug|Any CPU
		{406A9FBD-AE1A-4B04-A2AD-B40002F2CD29}.Release|Any CPU.ActiveCfg = Release|Any CPU
		{406A9FBD-AE1A-4B04-A2AD-B40002F2CD29}.Release|Any CPU.Build.0 = Release|Any CPU
	EndGlobalSection
	GlobalSection(SolutionProperties) = preSolution
		HideSolutionNode = FALSE
	EndGlobalSection
	GlobalSection(ExtensibilityGlobals) = postSolution
		SolutionGuid = {84549299-F502-44AD-8E4D-6CE18BAA4063}
	EndGlobalSection
EndGlobal
