
Microsoft Visual Studio Solution File, Format Version 12.00
# Visual Studio 15
VisualStudioVersion = 15.0.28307.489
MinimumVisualStudioVersion = 10.0.40219.1
Project("{FAE04EC0-301F-11D3-BF4B-00C04F79EFBC}") = "Writer", "Writer\Writer.csproj", "{F7B5D3FB-F817-4341-97F6-8A8189BD67CD}"
EndProject
Global
	GlobalSection(SolutionConfigurationPlatforms) = preSolution
		Debug|Any CPU = Debug|Any CPU
		Release|Any CPU = Release|Any CPU
	EndGlobalSection
	GlobalSection(ProjectConfigurationPlatforms) = postSolution
		{F7B5D3FB-F817-4341-97F6-8A8189BD67CD}.Debug|Any CPU.ActiveCfg = Debug|Any CPU
		{F7B5D3FB-F817-4341-97F6-8A8189BD67CD}.Debug|Any CPU.Build.0 = Debug|Any CPU
		{F7B5D3FB-F817-4341-97F6-8A8189BD67CD}.Release|Any CPU.ActiveCfg = Release|Any CPU
		{F7B5D3FB-F817-4341-97F6-8A8189BD67CD}.Release|Any CPU.Build.0 = Release|Any CPU
	EndGlobalSection
	GlobalSection(SolutionProperties) = preSolution
		HideSolutionNode = FALSE
	EndGlobalSection
	GlobalSection(ExtensibilityGlobals) = postSolution
		SolutionGuid = {B5F83F47-514F-40C4-BCCF-2C69D3B380F4}
	EndGlobalSection
EndGlobal
