
Microsoft Visual Studio Solution File, Format Version 12.00
# Visual Studio 15
VisualStudioVersion = 15.0.28307.489
MinimumVisualStudioVersion = 10.0.40219.1
Project("{FAE04EC0-301F-11D3-BF4B-00C04F79EFBC}") = "Ristijanolla", "Ristijanolla\Ristijanolla.csproj", "{F5BF9A75-D308-4C6F-9AA0-9340EE67FAF3}"
EndProject
Global
	GlobalSection(SolutionConfigurationPlatforms) = preSolution
		Debug|Any CPU = Debug|Any CPU
		Release|Any CPU = Release|Any CPU
	EndGlobalSection
	GlobalSection(ProjectConfigurationPlatforms) = postSolution
		{F5BF9A75-D308-4C6F-9AA0-9340EE67FAF3}.Debug|Any CPU.ActiveCfg = Debug|Any CPU
		{F5BF9A75-D308-4C6F-9AA0-9340EE67FAF3}.Debug|Any CPU.Build.0 = Debug|Any CPU
		{F5BF9A75-D308-4C6F-9AA0-9340EE67FAF3}.Release|Any CPU.ActiveCfg = Release|Any CPU
		{F5BF9A75-D308-4C6F-9AA0-9340EE67FAF3}.Release|Any CPU.Build.0 = Release|Any CPU
	EndGlobalSection
	GlobalSection(SolutionProperties) = preSolution
		HideSolutionNode = FALSE
	EndGlobalSection
	GlobalSection(ExtensibilityGlobals) = postSolution
		SolutionGuid = {5DDC3290-FA26-4023-9C75-FEE1FAE6A68A}
	EndGlobalSection
EndGlobal
