
Microsoft Visual Studio Solution File, Format Version 12.00
# Visual Studio 15
VisualStudioVersion = 15.0.28307.489
MinimumVisualStudioVersion = 10.0.40219.1
Project("{FAE04EC0-301F-11D3-BF4B-00C04F79EFBC}") = "Korttipakka1", "Korttipakka1\Korttipakka1.csproj", "{BD7AEFDC-DC8B-4188-8734-D52015E47D66}"
EndProject
Global
	GlobalSection(SolutionConfigurationPlatforms) = preSolution
		Debug|Any CPU = Debug|Any CPU
		Release|Any CPU = Release|Any CPU
	EndGlobalSection
	GlobalSection(ProjectConfigurationPlatforms) = postSolution
		{BD7AEFDC-DC8B-4188-8734-D52015E47D66}.Debug|Any CPU.ActiveCfg = Debug|Any CPU
		{BD7AEFDC-DC8B-4188-8734-D52015E47D66}.Debug|Any CPU.Build.0 = Debug|Any CPU
		{BD7AEFDC-DC8B-4188-8734-D52015E47D66}.Release|Any CPU.ActiveCfg = Release|Any CPU
		{BD7AEFDC-DC8B-4188-8734-D52015E47D66}.Release|Any CPU.Build.0 = Release|Any CPU
	EndGlobalSection
	GlobalSection(SolutionProperties) = preSolution
		HideSolutionNode = FALSE
	EndGlobalSection
	GlobalSection(ExtensibilityGlobals) = postSolution
		SolutionGuid = {C1DF2172-9787-40F1-83C9-E0320CBDEA24}
	EndGlobalSection
EndGlobal
